
Microsoft Visual Studio Solution File, Format Version 12.00
# Visual Studio Version 16
VisualStudioVersion = 16.0.29001.49
MinimumVisualStudioVersion = 10.0.40219.1
Project("{FAE04EC0-301F-11D3-BF4B-00C04F79EFBC}") = "FormsUI", "FormsUI\FormsUI.csproj", "{6ECE3042-DA41-4D80-8F80-AA6D2F0A96E2}"
EndProject
Project("{2150E333-8FDC-42A3-9474-1A3956D46DE8}") = "examples", "examples", "{98E5E2EE-3E1E-4666-A018-CEF88039BBA0}"
EndProject
Project("{2150E333-8FDC-42A3-9474-1A3956D46DE8}") = "tests", "tests", "{CC418E18-F4CD-4958-B433-4292A0CF1B2F}"
EndProject
Project("{FAE04EC0-301F-11D3-BF4B-00C04F79EFBC}") = "FormsUI.Tests", "FormsUI.Tests\FormsUI.Tests.csproj", "{8CFFDFED-B546-45CB-B041-4EC78DFBD492}"
EndProject
Project("{2150E333-8FDC-42A3-9474-1A3956D46DE8}") = "extensions", "extensions", "{89213ED7-AB78-4E7C-AC5E-C594E31A3A91}"
EndProject
Project("{2150E333-8FDC-42A3-9474-1A3956D46DE8}") = "workspace", "workspace", "{5014E1F0-9D76-4386-9DF8-20427FE53233}"
EndProject
Project("{FAE04EC0-301F-11D3-BF4B-00C04F79EFBC}") = "FormsUI.Examples.Workspace", "..\examples\workspace\FormsUI.Examples.Workspace\FormsUI.Examples.Workspace.csproj", "{6D0B42D6-3C5E-4981-9D88-1740C5942F34}"
EndProject
Project("{2150E333-8FDC-42A3-9474-1A3956D46DE8}") = "wizard", "wizard", "{0FF07C08-B92A-4EA2-99AB-DE738EC32EB3}"
EndProject
Project("{FAE04EC0-301F-11D3-BF4B-00C04F79EFBC}") = "FormsUI.Examples.Wizard", "..\examples\wizard\FormsUI.Examples.Wizard\FormsUI.Examples.Wizard.csproj", "{68BF6FF1-5C49-4F56-AC57-8F3A39A1AD2D}"
EndProject
Project("{FAE04EC0-301F-11D3-BF4B-00C04F79EFBC}") = "FormsUI.Windows", "FormsUI.Windows\FormsUI.Windows.csproj", "{D910E12B-0973-4CBB-8C29-8FBD77AB239F}"
EndProject
Project("{2150E333-8FDC-42A3-9474-1A3956D46DE8}") = "windows", "windows", "{84E85D20-DC59-4725-8CF7-3088F0686B8F}"
EndProject
Global
	GlobalSection(SolutionConfigurationPlatforms) = preSolution
		Debug|Any CPU = Debug|Any CPU
		Release|Any CPU = Release|Any CPU
	EndGlobalSection
	GlobalSection(ProjectConfigurationPlatforms) = postSolution
		{6ECE3042-DA41-4D80-8F80-AA6D2F0A96E2}.Debug|Any CPU.ActiveCfg = Debug|Any CPU
		{6ECE3042-DA41-4D80-8F80-AA6D2F0A96E2}.Debug|Any CPU.Build.0 = Debug|Any CPU
		{6ECE3042-DA41-4D80-8F80-AA6D2F0A96E2}.Release|Any CPU.ActiveCfg = Release|Any CPU
		{6ECE3042-DA41-4D80-8F80-AA6D2F0A96E2}.Release|Any CPU.Build.0 = Release|Any CPU
		{8CFFDFED-B546-45CB-B041-4EC78DFBD492}.Debug|Any CPU.ActiveCfg = Debug|Any CPU
		{8CFFDFED-B546-45CB-B041-4EC78DFBD492}.Debug|Any CPU.Build.0 = Debug|Any CPU
		{8CFFDFED-B546-45CB-B041-4EC78DFBD492}.Release|Any CPU.ActiveCfg = Release|Any CPU
		{8CFFDFED-B546-45CB-B041-4EC78DFBD492}.Release|Any CPU.Build.0 = Release|Any CPU
		{6D0B42D6-3C5E-4981-9D88-1740C5942F34}.Debug|Any CPU.ActiveCfg = Debug|Any CPU
		{6D0B42D6-3C5E-4981-9D88-1740C5942F34}.Debug|Any CPU.Build.0 = Debug|Any CPU
		{6D0B42D6-3C5E-4981-9D88-1740C5942F34}.Release|Any CPU.ActiveCfg = Release|Any CPU
		{6D0B42D6-3C5E-4981-9D88-1740C5942F34}.Release|Any CPU.Build.0 = Release|Any CPU
		{68BF6FF1-5C49-4F56-AC57-8F3A39A1AD2D}.Debug|Any CPU.ActiveCfg = Debug|Any CPU
		{68BF6FF1-5C49-4F56-AC57-8F3A39A1AD2D}.Debug|Any CPU.Build.0 = Debug|Any CPU
		{68BF6FF1-5C49-4F56-AC57-8F3A39A1AD2D}.Release|Any CPU.ActiveCfg = Release|Any CPU
		{68BF6FF1-5C49-4F56-AC57-8F3A39A1AD2D}.Release|Any CPU.Build.0 = Release|Any CPU
		{D910E12B-0973-4CBB-8C29-8FBD77AB239F}.Debug|Any CPU.ActiveCfg = Debug|Any CPU
		{D910E12B-0973-4CBB-8C29-8FBD77AB239F}.Debug|Any CPU.Build.0 = Debug|Any CPU
		{D910E12B-0973-4CBB-8C29-8FBD77AB239F}.Release|Any CPU.ActiveCfg = Release|Any CPU
		{D910E12B-0973-4CBB-8C29-8FBD77AB239F}.Release|Any CPU.Build.0 = Release|Any CPU
	EndGlobalSection
	GlobalSection(SolutionProperties) = preSolution
		HideSolutionNode = FALSE
	EndGlobalSection
	GlobalSection(NestedProjects) = preSolution
		{8CFFDFED-B546-45CB-B041-4EC78DFBD492} = {CC418E18-F4CD-4958-B433-4292A0CF1B2F}
		{89213ED7-AB78-4E7C-AC5E-C594E31A3A91} = {98E5E2EE-3E1E-4666-A018-CEF88039BBA0}
		{5014E1F0-9D76-4386-9DF8-20427FE53233} = {98E5E2EE-3E1E-4666-A018-CEF88039BBA0}
		{6D0B42D6-3C5E-4981-9D88-1740C5942F34} = {5014E1F0-9D76-4386-9DF8-20427FE53233}
		{0FF07C08-B92A-4EA2-99AB-DE738EC32EB3} = {98E5E2EE-3E1E-4666-A018-CEF88039BBA0}
		{68BF6FF1-5C49-4F56-AC57-8F3A39A1AD2D} = {0FF07C08-B92A-4EA2-99AB-DE738EC32EB3}
		{84E85D20-DC59-4725-8CF7-3088F0686B8F} = {98E5E2EE-3E1E-4666-A018-CEF88039BBA0}
	EndGlobalSection
	GlobalSection(ExtensibilityGlobals) = postSolution
		SolutionGuid = {5D71F081-926C-41AC-A1AE-A8C702C7523C}
	EndGlobalSection
EndGlobal
